
Microsoft Visual Studio Solution File, Format Version 12.00
# Visual Studio Version 17
VisualStudioVersion = 17.5.002.0
MinimumVisualStudioVersion = 10.0.40219.1
Project("{9A19103F-16F7-4668-BE54-9A1E7A4F7556}") = "SistemaParaEstacionamentoComCsharp", "SistemaParaEstacionamentoComCsharp.csproj", "{7F47743B-9BBA-4794-9254-35BC2F2E9470}"
EndProject
Global
	GlobalSection(SolutionConfigurationPlatforms) = preSolution
		Debug|Any CPU = Debug|Any CPU
		Release|Any CPU = Release|Any CPU
	EndGlobalSection
	GlobalSection(ProjectConfigurationPlatforms) = postSolution
		{7F47743B-9BBA-4794-9254-35BC2F2E9470}.Debug|Any CPU.ActiveCfg = Debug|Any CPU
		{7F47743B-9BBA-4794-9254-35BC2F2E9470}.Debug|Any CPU.Build.0 = Debug|Any CPU
		{7F47743B-9BBA-4794-9254-35BC2F2E9470}.Release|Any CPU.ActiveCfg = Release|Any CPU
		{7F47743B-9BBA-4794-9254-35BC2F2E9470}.Release|Any CPU.Build.0 = Release|Any CPU
	EndGlobalSection
	GlobalSection(SolutionProperties) = preSolution
		HideSolutionNode = FALSE
	EndGlobalSection
	GlobalSection(ExtensibilityGlobals) = postSolution
		SolutionGuid = {95A7320E-0803-47FB-8041-173D898A301D}
	EndGlobalSection
EndGlobal
